
Microsoft Visual Studio Solution File, Format Version 12.00
# Visual Studio Version 17
VisualStudioVersion = 17.2.32616.157
MinimumVisualStudioVersion = 10.0.40219.1
Project("{FAE04EC0-301F-11D3-BF4B-00C04F79EFBC}") = "RealEstate", "RealEstate\RealEstate.csproj", "{ADEA1B2A-0549-431E-BF30-49D4D5C4BE13}"
EndProject
Global
	GlobalSection(SolutionConfigurationPlatforms) = preSolution
		Debug|Any CPU = Debug|Any CPU
		Release|Any CPU = Release|Any CPU
	EndGlobalSection
	GlobalSection(ProjectConfigurationPlatforms) = postSolution
		{ADEA1B2A-0549-431E-BF30-49D4D5C4BE13}.Debug|Any CPU.ActiveCfg = Debug|Any CPU
		{ADEA1B2A-0549-431E-BF30-49D4D5C4BE13}.Debug|Any CPU.Build.0 = Debug|Any CPU
		{ADEA1B2A-0549-431E-BF30-49D4D5C4BE13}.Release|Any CPU.ActiveCfg = Release|Any CPU
		{ADEA1B2A-0549-431E-BF30-49D4D5C4BE13}.Release|Any CPU.Build.0 = Release|Any CPU
	EndGlobalSection
	GlobalSection(SolutionProperties) = preSolution
		HideSolutionNode = FALSE
	EndGlobalSection
	GlobalSection(ExtensibilityGlobals) = postSolution
		SolutionGuid = {BECAA237-B5D1-468A-B604-E1175798CAA3}
	EndGlobalSection
EndGlobal
