
Microsoft Visual Studio Solution File, Format Version 12.00
# Visual Studio Version 17
VisualStudioVersion = 17.2.32616.157
MinimumVisualStudioVersion = 10.0.40219.1
Project("{9A19103F-16F7-4668-BE54-9A1E7A4F7556}") = "RealEstate", "RealEstate\RealEstate.csproj", "{ADEA1B2A-0549-431E-BF30-49D4D5C4BE13}"
EndProject
Project("{2150E333-8FDC-42A3-9474-1A3956D46DE8}") = "Solution Items", "Solution Items", "{457AF270-FF93-4405-A17D-D36145FD3F10}"
	ProjectSection(SolutionItems) = preProject
		.editorconfig = .editorconfig
	EndProjectSection
EndProject
Global
	GlobalSection(SolutionConfigurationPlatforms) = preSolution
		Debug|Any CPU = Debug|Any CPU
		Release|Any CPU = Release|Any CPU
	EndGlobalSection
	GlobalSection(ProjectConfigurationPlatforms) = postSolution
		{ADEA1B2A-0549-431E-BF30-49D4D5C4BE13}.Debug|Any CPU.ActiveCfg = Debug|Any CPU
		{ADEA1B2A-0549-431E-BF30-49D4D5C4BE13}.Debug|Any CPU.Build.0 = Debug|Any CPU
		{ADEA1B2A-0549-431E-BF30-49D4D5C4BE13}.Release|Any CPU.ActiveCfg = Release|Any CPU
		{ADEA1B2A-0549-431E-BF30-49D4D5C4BE13}.Release|Any CPU.Build.0 = Release|Any CPU
	EndGlobalSection
	GlobalSection(SolutionProperties) = preSolution
		HideSolutionNode = FALSE
	EndGlobalSection
	GlobalSection(ExtensibilityGlobals) = postSolution
		SolutionGuid = {BECAA237-B5D1-468A-B604-E1175798CAA3}
	EndGlobalSection
EndGlobal
